// !$*UTF8*$!
{
	archiveVersion = 1;
	classes = {
	};
	objectVersion = 55;
	objects = {

/* Begin PBXBuildFile section */
		B5F6BB3228211E6100029D55 /* AppDelegate.swift in Sources */ = {isa = PBXBuildFile; fileRef = B5F6BB3128211E6100029D55 /* AppDelegate.swift */; };
		B5F6BB3428211E6100029D55 /* SceneDelegate.swift in Sources */ = {isa = PBXBuildFile; fileRef = B5F6BB3328211E6100029D55 /* SceneDelegate.swift */; };
		B5F6BB3628211E6100029D55 /* ViewController.swift in Sources */ = {isa = PBXBuildFile; fileRef = B5F6BB3528211E6100029D55 /* ViewController.swift */; };
		B5F6BB3928211E6100029D55 /* Main.storyboard in Resources */ = {isa = PBXBuildFile; fileRef = B5F6BB3728211E6100029D55 /* Main.storyboard */; };
		B5F6BB3B28211E6400029D55 /* Assets.xcassets in Resources */ = {isa = PBXBuildFile; fileRef = B5F6BB3A28211E6400029D55 /* Assets.xcassets */; };
		B5F6BB3E28211E6400029D55 /* LaunchScreen.storyboard in Resources */ = {isa = PBXBuildFile; fileRef = B5F6BB3C28211E6400029D55 /* LaunchScreen.storyboard */; };
		B5F6BB5328211E6400029D55 /* Nimble_SurveyUITests.swift in Sources */ = {isa = PBXBuildFile; fileRef = B5F6BB5228211E6400029D55 /* Nimble_SurveyUITests.swift */; };
		B5F6BB5528211E6400029D55 /* Nimble_SurveyUITestsLaunchTests.swift in Sources */ = {isa = PBXBuildFile; fileRef = B5F6BB5428211E6400029D55 /* Nimble_SurveyUITestsLaunchTests.swift */; };
		B5F6BB6228211EB100029D55 /* NetworkHandlerTests.swift in Sources */ = {isa = PBXBuildFile; fileRef = B5F6BB6128211EB100029D55 /* NetworkHandlerTests.swift */; };
/* End PBXBuildFile section */

/* Begin PBXContainerItemProxy section */
		B5F6BB4528211E6400029D55 /* PBXContainerItemProxy */ = {
			isa = PBXContainerItemProxy;
			containerPortal = B5F6BB2628211E6100029D55 /* Project object */;
			proxyType = 1;
			remoteGlobalIDString = B5F6BB2D28211E6100029D55;
			remoteInfo = "Nimble Survey";
		};
		B5F6BB4F28211E6400029D55 /* PBXContainerItemProxy */ = {
			isa = PBXContainerItemProxy;
			containerPortal = B5F6BB2628211E6100029D55 /* Project object */;
			proxyType = 1;
			remoteGlobalIDString = B5F6BB2D28211E6100029D55;
			remoteInfo = "Nimble Survey";
		};
/* End PBXContainerItemProxy section */

/* Begin PBXFileReference section */
		B5F6BB2E28211E6100029D55 /* Nimble Survey.app */ = {isa = PBXFileReference; explicitFileType = wrapper.application; includeInIndex = 0; path = "Nimble Survey.app"; sourceTree = BUILT_PRODUCTS_DIR; };
		B5F6BB3128211E6100029D55 /* AppDelegate.swift */ = {isa = PBXFileReference; lastKnownFileType = sourcecode.swift; path = AppDelegate.swift; sourceTree = "<group>"; };
		B5F6BB3328211E6100029D55 /* SceneDelegate.swift */ = {isa = PBXFileReference; lastKnownFileType = sourcecode.swift; path = SceneDelegate.swift; sourceTree = "<group>"; };
		B5F6BB3528211E6100029D55 /* ViewController.swift */ = {isa = PBXFileReference; lastKnownFileType = sourcecode.swift; path = ViewController.swift; sourceTree = "<group>"; };
		B5F6BB3828211E6100029D55 /* Base */ = {isa = PBXFileReference; lastKnownFileType = file.storyboard; name = Base; path = Base.lproj/Main.storyboard; sourceTree = "<group>"; };
		B5F6BB3A28211E6400029D55 /* Assets.xcassets */ = {isa = PBXFileReference; lastKnownFileType = folder.assetcatalog; path = Assets.xcassets; sourceTree = "<group>"; };
		B5F6BB3D28211E6400029D55 /* Base */ = {isa = PBXFileReference; lastKnownFileType = file.storyboard; name = Base; path = Base.lproj/LaunchScreen.storyboard; sourceTree = "<group>"; };
		B5F6BB3F28211E6400029D55 /* Info.plist */ = {isa = PBXFileReference; lastKnownFileType = text.plist.xml; path = Info.plist; sourceTree = "<group>"; };
		B5F6BB4428211E6400029D55 /* Nimble SurveyTests.xctest */ = {isa = PBXFileReference; explicitFileType = wrapper.cfbundle; includeInIndex = 0; path = "Nimble SurveyTests.xctest"; sourceTree = BUILT_PRODUCTS_DIR; };
		B5F6BB4E28211E6400029D55 /* Nimble SurveyUITests.xctest */ = {isa = PBXFileReference; explicitFileType = wrapper.cfbundle; includeInIndex = 0; path = "Nimble SurveyUITests.xctest"; sourceTree = BUILT_PRODUCTS_DIR; };
		B5F6BB5228211E6400029D55 /* Nimble_SurveyUITests.swift */ = {isa = PBXFileReference; lastKnownFileType = sourcecode.swift; path = Nimble_SurveyUITests.swift; sourceTree = "<group>"; };
		B5F6BB5428211E6400029D55 /* Nimble_SurveyUITestsLaunchTests.swift */ = {isa = PBXFileReference; lastKnownFileType = sourcecode.swift; path = Nimble_SurveyUITestsLaunchTests.swift; sourceTree = "<group>"; };
		B5F6BB6128211EB100029D55 /* NetworkHandlerTests.swift */ = {isa = PBXFileReference; lastKnownFileType = sourcecode.swift; path = NetworkHandlerTests.swift; sourceTree = "<group>"; };
/* End PBXFileReference section */

/* Begin PBXFrameworksBuildPhase section */
		B5F6BB2B28211E6100029D55 /* Frameworks */ = {
			isa = PBXFrameworksBuildPhase;
			buildActionMask = 2147483647;
			files = (
			);
			runOnlyForDeploymentPostprocessing = 0;
		};
		B5F6BB4128211E6400029D55 /* Frameworks */ = {
			isa = PBXFrameworksBuildPhase;
			buildActionMask = 2147483647;
			files = (
			);
			runOnlyForDeploymentPostprocessing = 0;
		};
		B5F6BB4B28211E6400029D55 /* Frameworks */ = {
			isa = PBXFrameworksBuildPhase;
			buildActionMask = 2147483647;
			files = (
			);
			runOnlyForDeploymentPostprocessing = 0;
		};
/* End PBXFrameworksBuildPhase section */

/* Begin PBXGroup section */
		B5F6BB2528211E6100029D55 = {
			isa = PBXGroup;
			children = (
				B5F6BB3028211E6100029D55 /* Nimble Survey */,
				B5F6BB4728211E6400029D55 /* Nimble SurveyTests */,
				B5F6BB5128211E6400029D55 /* Nimble SurveyUITests */,
				B5F6BB2F28211E6100029D55 /* Products */,
			);
			sourceTree = "<group>";
		};
		B5F6BB2F28211E6100029D55 /* Products */ = {
			isa = PBXGroup;
			children = (
				B5F6BB2E28211E6100029D55 /* Nimble Survey.app */,
				B5F6BB4428211E6400029D55 /* Nimble SurveyTests.xctest */,
				B5F6BB4E28211E6400029D55 /* Nimble SurveyUITests.xctest */,
			);
			name = Products;
			sourceTree = "<group>";
		};
		B5F6BB3028211E6100029D55 /* Nimble Survey */ = {
			isa = PBXGroup;
			children = (
				B5F6BB3128211E6100029D55 /* AppDelegate.swift */,
				B5F6BB3328211E6100029D55 /* SceneDelegate.swift */,
				B5F6BB3528211E6100029D55 /* ViewController.swift */,
				B5F6BB3728211E6100029D55 /* Main.storyboard */,
				B5F6BB3A28211E6400029D55 /* Assets.xcassets */,
				B5F6BB3C28211E6400029D55 /* LaunchScreen.storyboard */,
				B5F6BB3F28211E6400029D55 /* Info.plist */,
			);
			path = "Nimble Survey";
			sourceTree = "<group>";
		};
		B5F6BB4728211E6400029D55 /* Nimble SurveyTests */ = {
			isa = PBXGroup;
			children = (
				B5F6BB6128211EB100029D55 /* NetworkHandlerTests.swift */,
			);
			path = "Nimble SurveyTests";
			sourceTree = "<group>";
		};
		B5F6BB5128211E6400029D55 /* Nimble SurveyUITests */ = {
			isa = PBXGroup;
			children = (
				B5F6BB5228211E6400029D55 /* Nimble_SurveyUITests.swift */,
				B5F6BB5428211E6400029D55 /* Nimble_SurveyUITestsLaunchTests.swift */,
			);
			path = "Nimble SurveyUITests";
			sourceTree = "<group>";
		};
/* End PBXGroup section */

/* Begin PBXNativeTarget section */
		B5F6BB2D28211E6100029D55 /* Nimble Survey */ = {
			isa = PBXNativeTarget;
			buildConfigurationList = B5F6BB5828211E6400029D55 /* Build configuration list for PBXNativeTarget "Nimble Survey" */;
			buildPhases = (
				B5F6BB2A28211E6100029D55 /* Sources */,
				B5F6BB2B28211E6100029D55 /* Frameworks */,
				B5F6BB2C28211E6100029D55 /* Resources */,
			);
			buildRules = (
			);
			dependencies = (
			);
			name = "Nimble Survey";
			productName = "Nimble Survey";
			productReference = B5F6BB2E28211E6100029D55 /* Nimble Survey.app */;
			productType = "com.apple.product-type.application";
		};
		B5F6BB4328211E6400029D55 /* Nimble SurveyTests */ = {
			isa = PBXNativeTarget;
			buildConfigurationList = B5F6BB5B28211E6400029D55 /* Build configuration list for PBXNativeTarget "Nimble SurveyTests" */;
			buildPhases = (
				B5F6BB4028211E6400029D55 /* Sources */,
				B5F6BB4128211E6400029D55 /* Frameworks */,
				B5F6BB4228211E6400029D55 /* Resources */,
			);
			buildRules = (
			);
			dependencies = (
				B5F6BB4628211E6400029D55 /* PBXTargetDependency */,
			);
			name = "Nimble SurveyTests";
			productName = "Nimble SurveyTests";
			productReference = B5F6BB4428211E6400029D55 /* Nimble SurveyTests.xctest */;
			productType = "com.apple.product-type.bundle.unit-test";
		};
		B5F6BB4D28211E6400029D55 /* Nimble SurveyUITests */ = {
			isa = PBXNativeTarget;
			buildConfigurationList = B5F6BB5E28211E6400029D55 /* Build configuration list for PBXNativeTarget "Nimble SurveyUITests" */;
			buildPhases = (
				B5F6BB4A28211E6400029D55 /* Sources */,
				B5F6BB4B28211E6400029D55 /* Frameworks */,
				B5F6BB4C28211E6400029D55 /* Resources */,
			);
			buildRules = (
			);
			dependencies = (
				B5F6BB5028211E6400029D55 /* PBXTargetDependency */,
			);
			name = "Nimble SurveyUITests";
			productName = "Nimble SurveyUITests";
			productReference = B5F6BB4E28211E6400029D55 /* Nimble SurveyUITests.xctest */;
			productType = "com.apple.product-type.bundle.ui-testing";
		};
/* End PBXNativeTarget section */

/* Begin PBXProject section */
		B5F6BB2628211E6100029D55 /* Project object */ = {
			isa = PBXProject;
			attributes = {
				BuildIndependentTargetsInParallel = 1;
				LastSwiftUpdateCheck = 1320;
				LastUpgradeCheck = 1320;
				TargetAttributes = {
					B5F6BB2D28211E6100029D55 = {
						CreatedOnToolsVersion = 13.2.1;
					};
					B5F6BB4328211E6400029D55 = {
						CreatedOnToolsVersion = 13.2.1;
						LastSwiftMigration = 1320;
						TestTargetID = B5F6BB2D28211E6100029D55;
					};
					B5F6BB4D28211E6400029D55 = {
						CreatedOnToolsVersion = 13.2.1;
						TestTargetID = B5F6BB2D28211E6100029D55;
					};
				};
			};
			buildConfigurationList = B5F6BB2928211E6100029D55 /* Build configuration list for PBXProject "Nimble Survey" */;
			compatibilityVersion = "Xcode 13.0";
			developmentRegion = en;
			hasScannedForEncodings = 0;
			knownRegions = (
				en,
				Base,
			);
			mainGroup = B5F6BB2528211E6100029D55;
			productRefGroup = B5F6BB2F28211E6100029D55 /* Products */;
			projectDirPath = "";
			projectRoot = "";
			targets = (
				B5F6BB2D28211E6100029D55 /* Nimble Survey */,
				B5F6BB4328211E6400029D55 /* Nimble SurveyTests */,
				B5F6BB4D28211E6400029D55 /* Nimble SurveyUITests */,
			);
		};
/* End PBXProject section */

/* Begin PBXResourcesBuildPhase section */
		B5F6BB2C28211E6100029D55 /* Resources */ = {
			isa = PBXResourcesBuildPhase;
			buildActionMask = 2147483647;
			files = (
				B5F6BB3E28211E6400029D55 /* LaunchScreen.storyboard in Resources */,
				B5F6BB3B28211E6400029D55 /* Assets.xcassets in Resources */,
				B5F6BB3928211E6100029D55 /* Main.storyboard in Resources */,
			);
			runOnlyForDeploymentPostprocessing = 0;
		};
		B5F6BB4228211E6400029D55 /* Resources */ = {
			isa = PBXResourcesBuildPhase;
			buildActionMask = 2147483647;
			files = (
			);
			runOnlyForDeploymentPostprocessing = 0;
		};
		B5F6BB4C28211E6400029D55 /* Resources */ = {
			isa = PBXResourcesBuildPhase;
			buildActionMask = 2147483647;
			files = (
			);
			runOnlyForDeploymentPostprocessing = 0;
		};
/* End PBXResourcesBuildPhase section */

/* Begin PBXSourcesBuildPhase section */
		B5F6BB2A28211E6100029D55 /* Sources */ = {
			isa = PBXSourcesBuildPhase;
			buildActionMask = 2147483647;
			files = (
				B5F6BB3628211E6100029D55 /* ViewController.swift in Sources */,
				B5F6BB3228211E6100029D55 /* AppDelegate.swift in Sources */,
				B5F6BB3428211E6100029D55 /* SceneDelegate.swift in Sources */,
			);
			runOnlyForDeploymentPostprocessing = 0;
		};
		B5F6BB4028211E6400029D55 /* Sources */ = {
			isa = PBXSourcesBuildPhase;
			buildActionMask = 2147483647;
			files = (
				B5F6BB6228211EB100029D55 /* NetworkHandlerTests.swift in Sources */,
			);
			runOnlyForDeploymentPostprocessing = 0;
		};
		B5F6BB4A28211E6400029D55 /* Sources */ = {
			isa = PBXSourcesBuildPhase;
			buildActionMask = 2147483647;
			files = (
				B5F6BB5328211E6400029D55 /* Nimble_SurveyUITests.swift in Sources */,
				B5F6BB5528211E6400029D55 /* Nimble_SurveyUITestsLaunchTests.swift in Sources */,
			);
			runOnlyForDeploymentPostprocessing = 0;
		};
/* End PBXSourcesBuildPhase section */

/* Begin PBXTargetDependency section */
		B5F6BB4628211E6400029D55 /* PBXTargetDependency */ = {
			isa = PBXTargetDependency;
			target = B5F6BB2D28211E6100029D55 /* Nimble Survey */;
			targetProxy = B5F6BB4528211E6400029D55 /* PBXContainerItemProxy */;
		};
		B5F6BB5028211E6400029D55 /* PBXTargetDependency */ = {
			isa = PBXTargetDependency;
			target = B5F6BB2D28211E6100029D55 /* Nimble Survey */;
			targetProxy = B5F6BB4F28211E6400029D55 /* PBXContainerItemProxy */;
		};
/* End PBXTargetDependency section */

/* Begin PBXVariantGroup section */
		B5F6BB3728211E6100029D55 /* Main.storyboard */ = {
			isa = PBXVariantGroup;
			children = (
				B5F6BB3828211E6100029D55 /* Base */,
			);
			name = Main.storyboard;
			sourceTree = "<group>";
		};
		B5F6BB3C28211E6400029D55 /* LaunchScreen.storyboard */ = {
			isa = PBXVariantGroup;
			children = (
				B5F6BB3D28211E6400029D55 /* Base */,
			);
			name = LaunchScreen.storyboard;
			sourceTree = "<group>";
		};
/* End PBXVariantGroup section */

/* Begin XCBuildConfiguration section */
		B5F6BB5628211E6400029D55 /* Debug */ = {
			isa = XCBuildConfiguration;
			buildSettings = {
				ALWAYS_SEARCH_USER_PATHS = NO;
				CLANG_ANALYZER_NONNULL = YES;
				CLANG_ANALYZER_NUMBER_OBJECT_CONVERSION = YES_AGGRESSIVE;
				CLANG_CXX_LANGUAGE_STANDARD = "gnu++17";
				CLANG_CXX_LIBRARY = "libc++";
				CLANG_ENABLE_MODULES = YES;
				CLANG_ENABLE_OBJC_ARC = YES;
				CLANG_ENABLE_OBJC_WEAK = YES;
				CLANG_WARN_BLOCK_CAPTURE_AUTORELEASING = YES;
				CLANG_WARN_BOOL_CONVERSION = YES;
				CLANG_WARN_COMMA = YES;
				CLANG_WARN_CONSTANT_CONVERSION = YES;
				CLANG_WARN_DEPRECATED_OBJC_IMPLEMENTATIONS = YES;
				CLANG_WARN_DIRECT_OBJC_ISA_USAGE = YES_ERROR;
				CLANG_WARN_DOCUMENTATION_COMMENTS = YES;
				CLANG_WARN_EMPTY_BODY = YES;
				CLANG_WARN_ENUM_CONVERSION = YES;
				CLANG_WARN_INFINITE_RECURSION = YES;
				CLANG_WARN_INT_CONVERSION = YES;
				CLANG_WARN_NON_LITERAL_NULL_CONVERSION = YES;
				CLANG_WARN_OBJC_IMPLICIT_RETAIN_SELF = YES;
				CLANG_WARN_OBJC_LITERAL_CONVERSION = YES;
				CLANG_WARN_OBJC_ROOT_CLASS = YES_ERROR;
				CLANG_WARN_QUOTED_INCLUDE_IN_FRAMEWORK_HEADER = YES;
				CLANG_WARN_RANGE_LOOP_ANALYSIS = YES;
				CLANG_WARN_STRICT_PROTOTYPES = YES;
				CLANG_WARN_SUSPICIOUS_MOVE = YES;
				CLANG_WARN_UNGUARDED_AVAILABILITY = YES_AGGRESSIVE;
				CLANG_WARN_UNREACHABLE_CODE = YES;
				CLANG_WARN__DUPLICATE_METHOD_MATCH = YES;
				COPY_PHASE_STRIP = NO;
				DEBUG_INFORMATION_FORMAT = dwarf;
				ENABLE_STRICT_OBJC_MSGSEND = YES;
				ENABLE_TESTABILITY = YES;
				GCC_C_LANGUAGE_STANDARD = gnu11;
				GCC_DYNAMIC_NO_PIC = NO;
				GCC_NO_COMMON_BLOCKS = YES;
				GCC_OPTIMIZATION_LEVEL = 0;
				GCC_PREPROCESSOR_DEFINITIONS = (
					"DEBUG=1",
					"$(inherited)",
				);
				GCC_WARN_64_TO_32_BIT_CONVERSION = YES;
				GCC_WARN_ABOUT_RETURN_TYPE = YES_ERROR;
				GCC_WARN_UNDECLARED_SELECTOR = YES;
				GCC_WARN_UNINITIALIZED_AUTOS = YES_AGGRESSIVE;
				GCC_WARN_UNUSED_FUNCTION = YES;
				GCC_WARN_UNUSED_VARIABLE = YES;
				IPHONEOS_DEPLOYMENT_TARGET = 15.2;
				MTL_ENABLE_DEBUG_INFO = INCLUDE_SOURCE;
				MTL_FAST_MATH = YES;
				ONLY_ACTIVE_ARCH = YES;
				SDKROOT = iphoneos;
				SWIFT_ACTIVE_COMPILATION_CONDITIONS = DEBUG;
				SWIFT_OPTIMIZATION_LEVEL = "-Onone";
			};
			name = Debug;
		};
		B5F6BB5728211E6400029D55 /* Release */ = {
			isa = XCBuildConfiguration;
			buildSettings = {
				ALWAYS_SEARCH_USER_PATHS = NO;
				CLANG_ANALYZER_NONNULL = YES;
				CLANG_ANALYZER_NUMBER_OBJECT_CONVERSION = YES_AGGRESSIVE;
				CLANG_CXX_LANGUAGE_STANDARD = "gnu++17";
				CLANG_CXX_LIBRARY = "libc++";
				CLANG_ENABLE_MODULES = YES;
				CLANG_ENABLE_OBJC_ARC = YES;
				CLANG_ENABLE_OBJC_WEAK = YES;
				CLANG_WARN_BLOCK_CAPTURE_AUTORELEASING = YES;
				CLANG_WARN_BOOL_CONVERSION = YES;
				CLANG_WARN_COMMA = YES;
				CLANG_WARN_CONSTANT_CONVERSION = YES;
				CLANG_WARN_DEPRECATED_OBJC_IMPLEMENTATIONS = YES;
				CLANG_WARN_DIRECT_OBJC_ISA_USAGE = YES_ERROR;
				CLANG_WARN_DOCUMENTATION_COMMENTS = YES;
				CLANG_WARN_EMPTY_BODY = YES;
				CLANG_WARN_ENUM_CONVERSION = YES;
				CLANG_WARN_INFINITE_RECURSION = YES;
				CLANG_WARN_INT_CONVERSION = YES;
				CLANG_WARN_NON_LITERAL_NULL_CONVERSION = YES;
				CLANG_WARN_OBJC_IMPLICIT_RETAIN_SELF = YES;
				CLANG_WARN_OBJC_LITERAL_CONVERSION = YES;
				CLANG_WARN_OBJC_ROOT_CLASS = YES_ERROR;
				CLANG_WARN_QUOTED_INCLUDE_IN_FRAMEWORK_HEADER = YES;
				CLANG_WARN_RANGE_LOOP_ANALYSIS = YES;
				CLANG_WARN_STRICT_PROTOTYPES = YES;
				CLANG_WARN_SUSPICIOUS_MOVE = YES;
				CLANG_WARN_UNGUARDED_AVAILABILITY = YES_AGGRESSIVE;
				CLANG_WARN_UNREACHABLE_CODE = YES;
				CLANG_WARN__DUPLICATE_METHOD_MATCH = YES;
				COPY_PHASE_STRIP = NO;
				DEBUG_INFORMATION_FORMAT = "dwarf-with-dsym";
				ENABLE_NS_ASSERTIONS = NO;
				ENABLE_STRICT_OBJC_MSGSEND = YES;
				GCC_C_LANGUAGE_STANDARD = gnu11;
				GCC_NO_COMMON_BLOCKS = YES;
				GCC_WARN_64_TO_32_BIT_CONVERSION = YES;
				GCC_WARN_ABOUT_RETURN_TYPE = YES_ERROR;
				GCC_WARN_UNDECLARED_SELECTOR = YES;
				GCC_WARN_UNINITIALIZED_AUTOS = YES_AGGRESSIVE;
				GCC_WARN_UNUSED_FUNCTION = YES;
				GCC_WARN_UNUSED_VARIABLE = YES;
				IPHONEOS_DEPLOYMENT_TARGET = 15.2;
				MTL_ENABLE_DEBUG_INFO = NO;
				MTL_FAST_MATH = YES;
				SDKROOT = iphoneos;
				SWIFT_COMPILATION_MODE = wholemodule;
				SWIFT_OPTIMIZATION_LEVEL = "-O";
				VALIDATE_PRODUCT = YES;
			};
			name = Release;
		};
		B5F6BB5928211E6400029D55 /* Debug */ = {
			isa = XCBuildConfiguration;
			buildSettings = {
				ASSETCATALOG_COMPILER_APPICON_NAME = AppIcon;
				ASSETCATALOG_COMPILER_GLOBAL_ACCENT_COLOR_NAME = AccentColor;
				CODE_SIGN_STYLE = Automatic;
				CURRENT_PROJECT_VERSION = 1;
				DEVELOPMENT_TEAM = 8LK77AKP63;
				GENERATE_INFOPLIST_FILE = YES;
				INFOPLIST_FILE = "Nimble Survey/Info.plist";
				INFOPLIST_KEY_UIApplicationSupportsIndirectInputEvents = YES;
				INFOPLIST_KEY_UILaunchStoryboardName = LaunchScreen;
				INFOPLIST_KEY_UIMainStoryboardFile = Main;
				INFOPLIST_KEY_UISupportedInterfaceOrientations_iPad = "UIInterfaceOrientationPortrait UIInterfaceOrientationPortraitUpsideDown UIInterfaceOrientationLandscapeLeft UIInterfaceOrientationLandscapeRight";
				INFOPLIST_KEY_UISupportedInterfaceOrientations_iPhone = "UIInterfaceOrientationPortrait UIInterfaceOrientationLandscapeLeft UIInterfaceOrientationLandscapeRight";
				LD_RUNPATH_SEARCH_PATHS = (
					"$(inherited)",
					"@executable_path/Frameworks",
				);
				MARKETING_VERSION = 1.0;
				PRODUCT_BUNDLE_IDENTIFIER = "me.rahchamani.Nimble-Survey";
				PRODUCT_NAME = "$(TARGET_NAME)";
				SWIFT_EMIT_LOC_STRINGS = YES;
				SWIFT_VERSION = 5.0;
				TARGETED_DEVICE_FAMILY = "1,2";
			};
			name = Debug;
		};
		B5F6BB5A28211E6400029D55 /* Release */ = {
			isa = XCBuildConfiguration;
			buildSettings = {
				ASSETCATALOG_COMPILER_APPICON_NAME = AppIcon;
				ASSETCATALOG_COMPILER_GLOBAL_ACCENT_COLOR_NAME = AccentColor;
				CODE_SIGN_STYLE = Automatic;
				CURRENT_PROJECT_VERSION = 1;
				DEVELOPMENT_TEAM = 8LK77AKP63;
				GENERATE_INFOPLIST_FILE = YES;
				INFOPLIST_FILE = "Nimble Survey/Info.plist";
				INFOPLIST_KEY_UIApplicationSupportsIndirectInputEvents = YES;
				INFOPLIST_KEY_UILaunchStoryboardName = LaunchScreen;
				INFOPLIST_KEY_UIMainStoryboardFile = Main;
				INFOPLIST_KEY_UISupportedInterfaceOrientations_iPad = "UIInterfaceOrientationPortrait UIInterfaceOrientationPortraitUpsideDown UIInterfaceOrientationLandscapeLeft UIInterfaceOrientationLandscapeRight";
				INFOPLIST_KEY_UISupportedInterfaceOrientations_iPhone = "UIInterfaceOrientationPortrait UIInterfaceOrientationLandscapeLeft UIInterfaceOrientationLandscapeRight";
				LD_RUNPATH_SEARCH_PATHS = (
					"$(inherited)",
					"@executable_path/Frameworks",
				);
				MARKETING_VERSION = 1.0;
				PRODUCT_BUNDLE_IDENTIFIER = "me.rahchamani.Nimble-Survey";
				PRODUCT_NAME = "$(TARGET_NAME)";
				SWIFT_EMIT_LOC_STRINGS = YES;
				SWIFT_VERSION = 5.0;
				TARGETED_DEVICE_FAMILY = "1,2";
			};
			name = Release;
		};
		B5F6BB5C28211E6400029D55 /* Debug */ = {
			isa = XCBuildConfiguration;
			buildSettings = {
				ALWAYS_EMBED_SWIFT_STANDARD_LIBRARIES = YES;
				BUNDLE_LOADER = "$(TEST_HOST)";
				CLANG_ENABLE_MODULES = YES;
				CODE_SIGN_STYLE = Automatic;
				CURRENT_PROJECT_VERSION = 1;
				DEVELOPMENT_TEAM = 8LK77AKP63;
				GENERATE_INFOPLIST_FILE = YES;
				IPHONEOS_DEPLOYMENT_TARGET = 15.2;
				LD_RUNPATH_SEARCH_PATHS = (
					"$(inherited)",
					"@executable_path/Frameworks",
					"@loader_path/Frameworks",
				);
				MARKETING_VERSION = 1.0;
				PRODUCT_BUNDLE_IDENTIFIER = "me.rahchamani.Nimble-SurveyTests";
				PRODUCT_NAME = "$(TARGET_NAME)";
				SWIFT_EMIT_LOC_STRINGS = NO;
				SWIFT_OPTIMIZATION_LEVEL = "-Onone";
				SWIFT_VERSION = 5.0;
				TARGETED_DEVICE_FAMILY = "1,2";
				TEST_HOST = "$(BUILT_PRODUCTS_DIR)/Nimble Survey.app/Nimble Survey";
			};
			name = Debug;
		};
		B5F6BB5D28211E6400029D55 /* Release */ = {
			isa = XCBuildConfiguration;
			buildSettings = {
				ALWAYS_EMBED_SWIFT_STANDARD_LIBRARIES = YES;
				BUNDLE_LOADER = "$(TEST_HOST)";
				CLANG_ENABLE_MODULES = YES;
				CODE_SIGN_STYLE = Automatic;
				CURRENT_PROJECT_VERSION = 1;
				DEVELOPMENT_TEAM = 8LK77AKP63;
				GENERATE_INFOPLIST_FILE = YES;
				IPHONEOS_DEPLOYMENT_TARGET = 15.2;
				LD_RUNPATH_SEARCH_PATHS = (
					"$(inherited)",
					"@executable_path/Frameworks",
					"@loader_path/Frameworks",
				);
				MARKETING_VERSION = 1.0;
				PRODUCT_BUNDLE_IDENTIFIER = "me.rahchamani.Nimble-SurveyTests";
				PRODUCT_NAME = "$(TARGET_NAME)";
				SWIFT_EMIT_LOC_STRINGS = NO;
				SWIFT_VERSION = 5.0;
				TARGETED_DEVICE_FAMILY = "1,2";
				TEST_HOST = "$(BUILT_PRODUCTS_DIR)/Nimble Survey.app/Nimble Survey";
			};
			name = Release;
		};
		B5F6BB5F28211E6400029D55 /* Debug */ = {
			isa = XCBuildConfiguration;
			buildSettings = {
				ALWAYS_EMBED_SWIFT_STANDARD_LIBRARIES = YES;
				CODE_SIGN_STYLE = Automatic;
				CURRENT_PROJECT_VERSION = 1;
				DEVELOPMENT_TEAM = 8LK77AKP63;
				GENERATE_INFOPLIST_FILE = YES;
				MARKETING_VERSION = 1.0;
				PRODUCT_BUNDLE_IDENTIFIER = "me.rahchamani.Nimble-SurveyUITests";
				PRODUCT_NAME = "$(TARGET_NAME)";
				SWIFT_EMIT_LOC_STRINGS = NO;
				SWIFT_VERSION = 5.0;
				TARGETED_DEVICE_FAMILY = "1,2";
				TEST_TARGET_NAME = "Nimble Survey";
			};
			name = Debug;
		};
		B5F6BB6028211E6400029D55 /* Release */ = {
			isa = XCBuildConfiguration;
			buildSettings = {
				ALWAYS_EMBED_SWIFT_STANDARD_LIBRARIES = YES;
				CODE_SIGN_STYLE = Automatic;
				CURRENT_PROJECT_VERSION = 1;
				DEVELOPMENT_TEAM = 8LK77AKP63;
				GENERATE_INFOPLIST_FILE = YES;
				MARKETING_VERSION = 1.0;
				PRODUCT_BUNDLE_IDENTIFIER = "me.rahchamani.Nimble-SurveyUITests";
				PRODUCT_NAME = "$(TARGET_NAME)";
				SWIFT_EMIT_LOC_STRINGS = NO;
				SWIFT_VERSION = 5.0;
				TARGETED_DEVICE_FAMILY = "1,2";
				TEST_TARGET_NAME = "Nimble Survey";
			};
			name = Release;
		};
/* End XCBuildConfiguration section */

/* Begin XCConfigurationList section */
		B5F6BB2928211E6100029D55 /* Build configuration list for PBXProject "Nimble Survey" */ = {
			isa = XCConfigurationList;
			buildConfigurations = (
				B5F6BB5628211E6400029D55 /* Debug */,
				B5F6BB5728211E6400029D55 /* Release */,
			);
			defaultConfigurationIsVisible = 0;
			defaultConfigurationName = Release;
		};
		B5F6BB5828211E6400029D55 /* Build configuration list for PBXNativeTarget "Nimble Survey" */ = {
			isa = XCConfigurationList;
			buildConfigurations = (
				B5F6BB5928211E6400029D55 /* Debug */,
				B5F6BB5A28211E6400029D55 /* Release */,
			);
			defaultConfigurationIsVisible = 0;
			defaultConfigurationName = Release;
		};
		B5F6BB5B28211E6400029D55 /* Build configuration list for PBXNativeTarget "Nimble SurveyTests" */ = {
			isa = XCConfigurationList;
			buildConfigurations = (
				B5F6BB5C28211E6400029D55 /* Debug */,
				B5F6BB5D28211E6400029D55 /* Release */,
			);
			defaultConfigurationIsVisible = 0;
			defaultConfigurationName = Release;
		};
		B5F6BB5E28211E6400029D55 /* Build configuration list for PBXNativeTarget "Nimble SurveyUITests" */ = {
			isa = XCConfigurationList;
			buildConfigurations = (
				B5F6BB5F28211E6400029D55 /* Debug */,
				B5F6BB6028211E6400029D55 /* Release */,
			);
			defaultConfigurationIsVisible = 0;
			defaultConfigurationName = Release;
		};
/* End XCConfigurationList section */
	};
	rootObject = B5F6BB2628211E6100029D55 /* Project object */;
}
