// !$*UTF8*$!
{
	archiveVersion = 1;
	classes = {
	};
	objectVersion = 55;
	objects = {

/* Begin PBXBuildFile section */
		71BDC34A933AB7006BF22B5A /* Pods_Nimble_Survey.framework in Frameworks */ = {isa = PBXBuildFile; fileRef = DC78CCCBAC8544093EC7B27E /* Pods_Nimble_Survey.framework */; };
		B5F6BB3228211E6100029D55 /* AppDelegate.swift in Sources */ = {isa = PBXBuildFile; fileRef = B5F6BB3128211E6100029D55 /* AppDelegate.swift */; };
		B5F6BB3428211E6100029D55 /* SceneDelegate.swift in Sources */ = {isa = PBXBuildFile; fileRef = B5F6BB3328211E6100029D55 /* SceneDelegate.swift */; };
		B5F6BB3628211E6100029D55 /* ViewController.swift in Sources */ = {isa = PBXBuildFile; fileRef = B5F6BB3528211E6100029D55 /* ViewController.swift */; };
		B5F6BB3928211E6100029D55 /* Main.storyboard in Resources */ = {isa = PBXBuildFile; fileRef = B5F6BB3728211E6100029D55 /* Main.storyboard */; };
		B5F6BB3B28211E6400029D55 /* Assets.xcassets in Resources */ = {isa = PBXBuildFile; fileRef = B5F6BB3A28211E6400029D55 /* Assets.xcassets */; };
		B5F6BB3E28211E6400029D55 /* LaunchScreen.storyboard in Resources */ = {isa = PBXBuildFile; fileRef = B5F6BB3C28211E6400029D55 /* LaunchScreen.storyboard */; };
		B5F6BB5328211E6400029D55 /* Nimble_SurveyUITests.swift in Sources */ = {isa = PBXBuildFile; fileRef = B5F6BB5228211E6400029D55 /* Nimble_SurveyUITests.swift */; };
		B5F6BB5528211E6400029D55 /* Nimble_SurveyUITestsLaunchTests.swift in Sources */ = {isa = PBXBuildFile; fileRef = B5F6BB5428211E6400029D55 /* Nimble_SurveyUITestsLaunchTests.swift */; };
		B5F6BB6228211EB100029D55 /* NetworkHandlerTests.swift in Sources */ = {isa = PBXBuildFile; fileRef = B5F6BB6128211EB100029D55 /* NetworkHandlerTests.swift */; };
		B5F6BB652821414700029D55 /* URLProtocolStub.swift in Sources */ = {isa = PBXBuildFile; fileRef = B5F6BB642821414700029D55 /* URLProtocolStub.swift */; };
		B5F6BB672821416200029D55 /* AsyncURLProtocolStub.swift in Sources */ = {isa = PBXBuildFile; fileRef = B5F6BB662821416200029D55 /* AsyncURLProtocolStub.swift */; };
		B5F6BB6A2821419600029D55 /* NetworkHandler.swift in Sources */ = {isa = PBXBuildFile; fileRef = B5F6BB692821419600029D55 /* NetworkHandler.swift */; };
		B5F6BB6C2821433E00029D55 /* AuthServiceTests.swift in Sources */ = {isa = PBXBuildFile; fileRef = B5F6BB6B2821433E00029D55 /* AuthServiceTests.swift */; };
		B5F6BB6E2822654000029D55 /* XCTestCase+Extensions.swift in Sources */ = {isa = PBXBuildFile; fileRef = B5F6BB6D2822654000029D55 /* XCTestCase+Extensions.swift */; };
		B5F6BB72282292B100029D55 /* AuthToken.swift in Sources */ = {isa = PBXBuildFile; fileRef = B5F6BB71282292B100029D55 /* AuthToken.swift */; };
		B5F6BB74282292F900029D55 /* RequestLoaderSpy.swift in Sources */ = {isa = PBXBuildFile; fileRef = B5F6BB73282292F900029D55 /* RequestLoaderSpy.swift */; };
		B5F6BB762822932400029D55 /* AuthService.swift in Sources */ = {isa = PBXBuildFile; fileRef = B5F6BB752822932400029D55 /* AuthService.swift */; };
		B5F6BB7828229C0200029D55 /* RemoteSurveyLoaderTests.swift in Sources */ = {isa = PBXBuildFile; fileRef = B5F6BB7728229C0200029D55 /* RemoteSurveyLoaderTests.swift */; };
		B5F6BB7C2822F45F00029D55 /* RemoteSurveyLoader.swift in Sources */ = {isa = PBXBuildFile; fileRef = B5F6BB7B2822F45F00029D55 /* RemoteSurveyLoader.swift */; };
		B5F6BB7E2822F48200029D55 /* Survey.swift in Sources */ = {isa = PBXBuildFile; fileRef = B5F6BB7D2822F48200029D55 /* Survey.swift */; };
		B5F6BB802822F48B00029D55 /* SurveyDetail.swift in Sources */ = {isa = PBXBuildFile; fileRef = B5F6BB7F2822F48B00029D55 /* SurveyDetail.swift */; };
		B5F6BB832822F4C800029D55 /* Attribute.swift in Sources */ = {isa = PBXBuildFile; fileRef = B5F6BB822822F4C800029D55 /* Attribute.swift */; };
		B5F6BB852822F4ED00029D55 /* Relationship.swift in Sources */ = {isa = PBXBuildFile; fileRef = B5F6BB842822F4ED00029D55 /* Relationship.swift */; };
		B5F6BB892823952F00029D55 /* TokenStore.swift in Sources */ = {isa = PBXBuildFile; fileRef = B5F6BB882823952F00029D55 /* TokenStore.swift */; };
		B5F6BB8B282397B500029D55 /* SecureTokenStore.swift in Sources */ = {isa = PBXBuildFile; fileRef = B5F6BB8A282397B500029D55 /* SecureTokenStore.swift */; };
		B5F6BB8D2823984100029D55 /* AuthServiceWithStoreTests.swift in Sources */ = {isa = PBXBuildFile; fileRef = B5F6BB8C2823984100029D55 /* AuthServiceWithStoreTests.swift */; };
		B5F6BB902823993600029D55 /* RemoteAuthService.swift in Sources */ = {isa = PBXBuildFile; fileRef = B5F6BB8F2823993600029D55 /* RemoteAuthService.swift */; };
		B5F6BB9228239D9700029D55 /* AuthServiceSpy.swift in Sources */ = {isa = PBXBuildFile; fileRef = B5F6BB9128239D9700029D55 /* AuthServiceSpy.swift */; };
		B5F6BB9428239DBC00029D55 /* TokenStoreSpy.swift in Sources */ = {isa = PBXBuildFile; fileRef = B5F6BB9328239DBC00029D55 /* TokenStoreSpy.swift */; };
		B5F6BB962823D81F00029D55 /* AuthServiceWithStore.swift in Sources */ = {isa = PBXBuildFile; fileRef = B5F6BB952823D81F00029D55 /* AuthServiceWithStore.swift */; };
		B5F6BB982823D98000029D55 /* SurveyLoader.swift in Sources */ = {isa = PBXBuildFile; fileRef = B5F6BB972823D98000029D55 /* SurveyLoader.swift */; };
		B5F6BB9D2823DA2900029D55 /* SurveyLoaderWithAuthTests.swift in Sources */ = {isa = PBXBuildFile; fileRef = B5F6BB9C2823DA2900029D55 /* SurveyLoaderWithAuthTests.swift */; };
/* End PBXBuildFile section */

/* Begin PBXContainerItemProxy section */
		B5F6BB4528211E6400029D55 /* PBXContainerItemProxy */ = {
			isa = PBXContainerItemProxy;
			containerPortal = B5F6BB2628211E6100029D55 /* Project object */;
			proxyType = 1;
			remoteGlobalIDString = B5F6BB2D28211E6100029D55;
			remoteInfo = "Nimble Survey";
		};
		B5F6BB4F28211E6400029D55 /* PBXContainerItemProxy */ = {
			isa = PBXContainerItemProxy;
			containerPortal = B5F6BB2628211E6100029D55 /* Project object */;
			proxyType = 1;
			remoteGlobalIDString = B5F6BB2D28211E6100029D55;
			remoteInfo = "Nimble Survey";
		};
/* End PBXContainerItemProxy section */

/* Begin PBXFileReference section */
		6704C13BEAE917A70F72B3FE /* Pods-Nimble Survey.debug.xcconfig */ = {isa = PBXFileReference; includeInIndex = 1; lastKnownFileType = text.xcconfig; name = "Pods-Nimble Survey.debug.xcconfig"; path = "Target Support Files/Pods-Nimble Survey/Pods-Nimble Survey.debug.xcconfig"; sourceTree = "<group>"; };
		703C38AD4FC4CB5D38E693E7 /* Pods-Nimble Survey.release.xcconfig */ = {isa = PBXFileReference; includeInIndex = 1; lastKnownFileType = text.xcconfig; name = "Pods-Nimble Survey.release.xcconfig"; path = "Target Support Files/Pods-Nimble Survey/Pods-Nimble Survey.release.xcconfig"; sourceTree = "<group>"; };
		B5F6BB2E28211E6100029D55 /* Nimble Survey.app */ = {isa = PBXFileReference; explicitFileType = wrapper.application; includeInIndex = 0; path = "Nimble Survey.app"; sourceTree = BUILT_PRODUCTS_DIR; };
		B5F6BB3128211E6100029D55 /* AppDelegate.swift */ = {isa = PBXFileReference; lastKnownFileType = sourcecode.swift; path = AppDelegate.swift; sourceTree = "<group>"; };
		B5F6BB3328211E6100029D55 /* SceneDelegate.swift */ = {isa = PBXFileReference; lastKnownFileType = sourcecode.swift; path = SceneDelegate.swift; sourceTree = "<group>"; };
		B5F6BB3528211E6100029D55 /* ViewController.swift */ = {isa = PBXFileReference; lastKnownFileType = sourcecode.swift; path = ViewController.swift; sourceTree = "<group>"; };
		B5F6BB3828211E6100029D55 /* Base */ = {isa = PBXFileReference; lastKnownFileType = file.storyboard; name = Base; path = Base.lproj/Main.storyboard; sourceTree = "<group>"; };
		B5F6BB3A28211E6400029D55 /* Assets.xcassets */ = {isa = PBXFileReference; lastKnownFileType = folder.assetcatalog; path = Assets.xcassets; sourceTree = "<group>"; };
		B5F6BB3D28211E6400029D55 /* Base */ = {isa = PBXFileReference; lastKnownFileType = file.storyboard; name = Base; path = Base.lproj/LaunchScreen.storyboard; sourceTree = "<group>"; };
		B5F6BB3F28211E6400029D55 /* Info.plist */ = {isa = PBXFileReference; lastKnownFileType = text.plist.xml; path = Info.plist; sourceTree = "<group>"; };
		B5F6BB4428211E6400029D55 /* Nimble SurveyTests.xctest */ = {isa = PBXFileReference; explicitFileType = wrapper.cfbundle; includeInIndex = 0; path = "Nimble SurveyTests.xctest"; sourceTree = BUILT_PRODUCTS_DIR; };
		B5F6BB4E28211E6400029D55 /* Nimble SurveyUITests.xctest */ = {isa = PBXFileReference; explicitFileType = wrapper.cfbundle; includeInIndex = 0; path = "Nimble SurveyUITests.xctest"; sourceTree = BUILT_PRODUCTS_DIR; };
		B5F6BB5228211E6400029D55 /* Nimble_SurveyUITests.swift */ = {isa = PBXFileReference; lastKnownFileType = sourcecode.swift; path = Nimble_SurveyUITests.swift; sourceTree = "<group>"; };
		B5F6BB5428211E6400029D55 /* Nimble_SurveyUITestsLaunchTests.swift */ = {isa = PBXFileReference; lastKnownFileType = sourcecode.swift; path = Nimble_SurveyUITestsLaunchTests.swift; sourceTree = "<group>"; };
		B5F6BB6128211EB100029D55 /* NetworkHandlerTests.swift */ = {isa = PBXFileReference; lastKnownFileType = sourcecode.swift; path = NetworkHandlerTests.swift; sourceTree = "<group>"; };
		B5F6BB642821414700029D55 /* URLProtocolStub.swift */ = {isa = PBXFileReference; lastKnownFileType = sourcecode.swift; path = URLProtocolStub.swift; sourceTree = "<group>"; };
		B5F6BB662821416200029D55 /* AsyncURLProtocolStub.swift */ = {isa = PBXFileReference; lastKnownFileType = sourcecode.swift; path = AsyncURLProtocolStub.swift; sourceTree = "<group>"; };
		B5F6BB692821419600029D55 /* NetworkHandler.swift */ = {isa = PBXFileReference; lastKnownFileType = sourcecode.swift; path = NetworkHandler.swift; sourceTree = "<group>"; };
		B5F6BB6B2821433E00029D55 /* AuthServiceTests.swift */ = {isa = PBXFileReference; lastKnownFileType = sourcecode.swift; path = AuthServiceTests.swift; sourceTree = "<group>"; };
		B5F6BB6D2822654000029D55 /* XCTestCase+Extensions.swift */ = {isa = PBXFileReference; lastKnownFileType = sourcecode.swift; path = "XCTestCase+Extensions.swift"; sourceTree = "<group>"; };
		B5F6BB71282292B100029D55 /* AuthToken.swift */ = {isa = PBXFileReference; lastKnownFileType = sourcecode.swift; path = AuthToken.swift; sourceTree = "<group>"; };
		B5F6BB73282292F900029D55 /* RequestLoaderSpy.swift */ = {isa = PBXFileReference; lastKnownFileType = sourcecode.swift; path = RequestLoaderSpy.swift; sourceTree = "<group>"; };
		B5F6BB752822932400029D55 /* AuthService.swift */ = {isa = PBXFileReference; lastKnownFileType = sourcecode.swift; path = AuthService.swift; sourceTree = "<group>"; };
		B5F6BB7728229C0200029D55 /* RemoteSurveyLoaderTests.swift */ = {isa = PBXFileReference; lastKnownFileType = sourcecode.swift; path = RemoteSurveyLoaderTests.swift; sourceTree = "<group>"; };
		B5F6BB7B2822F45F00029D55 /* RemoteSurveyLoader.swift */ = {isa = PBXFileReference; lastKnownFileType = sourcecode.swift; path = RemoteSurveyLoader.swift; sourceTree = "<group>"; };
		B5F6BB7D2822F48200029D55 /* Survey.swift */ = {isa = PBXFileReference; lastKnownFileType = sourcecode.swift; path = Survey.swift; sourceTree = "<group>"; };
		B5F6BB7F2822F48B00029D55 /* SurveyDetail.swift */ = {isa = PBXFileReference; lastKnownFileType = sourcecode.swift; path = SurveyDetail.swift; sourceTree = "<group>"; };
		B5F6BB822822F4C800029D55 /* Attribute.swift */ = {isa = PBXFileReference; lastKnownFileType = sourcecode.swift; path = Attribute.swift; sourceTree = "<group>"; };
		B5F6BB842822F4ED00029D55 /* Relationship.swift */ = {isa = PBXFileReference; lastKnownFileType = sourcecode.swift; path = Relationship.swift; sourceTree = "<group>"; };
		B5F6BB882823952F00029D55 /* TokenStore.swift */ = {isa = PBXFileReference; lastKnownFileType = sourcecode.swift; path = TokenStore.swift; sourceTree = "<group>"; };
		B5F6BB8A282397B500029D55 /* SecureTokenStore.swift */ = {isa = PBXFileReference; lastKnownFileType = sourcecode.swift; path = SecureTokenStore.swift; sourceTree = "<group>"; };
		B5F6BB8C2823984100029D55 /* AuthServiceWithStoreTests.swift */ = {isa = PBXFileReference; lastKnownFileType = sourcecode.swift; path = AuthServiceWithStoreTests.swift; sourceTree = "<group>"; };
		B5F6BB8F2823993600029D55 /* RemoteAuthService.swift */ = {isa = PBXFileReference; lastKnownFileType = sourcecode.swift; path = RemoteAuthService.swift; sourceTree = "<group>"; };
		B5F6BB9128239D9700029D55 /* AuthServiceSpy.swift */ = {isa = PBXFileReference; lastKnownFileType = sourcecode.swift; path = AuthServiceSpy.swift; sourceTree = "<group>"; };
		B5F6BB9328239DBC00029D55 /* TokenStoreSpy.swift */ = {isa = PBXFileReference; lastKnownFileType = sourcecode.swift; path = TokenStoreSpy.swift; sourceTree = "<group>"; };
		B5F6BB952823D81F00029D55 /* AuthServiceWithStore.swift */ = {isa = PBXFileReference; lastKnownFileType = sourcecode.swift; path = AuthServiceWithStore.swift; sourceTree = "<group>"; };
		B5F6BB972823D98000029D55 /* SurveyLoader.swift */ = {isa = PBXFileReference; lastKnownFileType = sourcecode.swift; path = SurveyLoader.swift; sourceTree = "<group>"; };
		B5F6BB9C2823DA2900029D55 /* SurveyLoaderWithAuthTests.swift */ = {isa = PBXFileReference; lastKnownFileType = sourcecode.swift; path = SurveyLoaderWithAuthTests.swift; sourceTree = "<group>"; };
		DC78CCCBAC8544093EC7B27E /* Pods_Nimble_Survey.framework */ = {isa = PBXFileReference; explicitFileType = wrapper.framework; includeInIndex = 0; path = Pods_Nimble_Survey.framework; sourceTree = BUILT_PRODUCTS_DIR; };
/* End PBXFileReference section */

/* Begin PBXFrameworksBuildPhase section */
		B5F6BB2B28211E6100029D55 /* Frameworks */ = {
			isa = PBXFrameworksBuildPhase;
			buildActionMask = 2147483647;
			files = (
				71BDC34A933AB7006BF22B5A /* Pods_Nimble_Survey.framework in Frameworks */,
			);
			runOnlyForDeploymentPostprocessing = 0;
		};
		B5F6BB4128211E6400029D55 /* Frameworks */ = {
			isa = PBXFrameworksBuildPhase;
			buildActionMask = 2147483647;
			files = (
			);
			runOnlyForDeploymentPostprocessing = 0;
		};
		B5F6BB4B28211E6400029D55 /* Frameworks */ = {
			isa = PBXFrameworksBuildPhase;
			buildActionMask = 2147483647;
			files = (
			);
			runOnlyForDeploymentPostprocessing = 0;
		};
/* End PBXFrameworksBuildPhase section */

/* Begin PBXGroup section */
		201265DAE8F56FD92C8DAEC8 /* Pods */ = {
			isa = PBXGroup;
			children = (
				6704C13BEAE917A70F72B3FE /* Pods-Nimble Survey.debug.xcconfig */,
				703C38AD4FC4CB5D38E693E7 /* Pods-Nimble Survey.release.xcconfig */,
			);
			path = Pods;
			sourceTree = "<group>";
		};
		50733702EC7CF1380A3BEA86 /* Frameworks */ = {
			isa = PBXGroup;
			children = (
				DC78CCCBAC8544093EC7B27E /* Pods_Nimble_Survey.framework */,
			);
			name = Frameworks;
			sourceTree = "<group>";
		};
		B5F6BB2528211E6100029D55 = {
			isa = PBXGroup;
			children = (
				B5F6BB3028211E6100029D55 /* Nimble Survey */,
				B5F6BB4728211E6400029D55 /* Nimble SurveyTests */,
				B5F6BB5128211E6400029D55 /* Nimble SurveyUITests */,
				B5F6BB2F28211E6100029D55 /* Products */,
				201265DAE8F56FD92C8DAEC8 /* Pods */,
				50733702EC7CF1380A3BEA86 /* Frameworks */,
			);
			sourceTree = "<group>";
		};
		B5F6BB2F28211E6100029D55 /* Products */ = {
			isa = PBXGroup;
			children = (
				B5F6BB2E28211E6100029D55 /* Nimble Survey.app */,
				B5F6BB4428211E6400029D55 /* Nimble SurveyTests.xctest */,
				B5F6BB4E28211E6400029D55 /* Nimble SurveyUITests.xctest */,
			);
			name = Products;
			sourceTree = "<group>";
		};
		B5F6BB3028211E6100029D55 /* Nimble Survey */ = {
			isa = PBXGroup;
			children = (
				B5F6BB792822F44200029D55 /* Survey */,
				B5F6BB6F282292A000029D55 /* Auth */,
				B5F6BB682821418700029D55 /* Network */,
				B5F6BB3128211E6100029D55 /* AppDelegate.swift */,
				B5F6BB3328211E6100029D55 /* SceneDelegate.swift */,
				B5F6BB3528211E6100029D55 /* ViewController.swift */,
				B5F6BB3728211E6100029D55 /* Main.storyboard */,
				B5F6BB3A28211E6400029D55 /* Assets.xcassets */,
				B5F6BB3C28211E6400029D55 /* LaunchScreen.storyboard */,
				B5F6BB3F28211E6400029D55 /* Info.plist */,
			);
			path = "Nimble Survey";
			sourceTree = "<group>";
		};
		B5F6BB4728211E6400029D55 /* Nimble SurveyTests */ = {
			isa = PBXGroup;
			children = (
				B5F6BB9B2823D9CE00029D55 /* Network */,
				B5F6BB9A2823D9C100029D55 /* Survey */,
				B5F6BB992823D9B600029D55 /* Auth */,
				B5F6BB632821413800029D55 /* Helper */,
			);
			path = "Nimble SurveyTests";
			sourceTree = "<group>";
		};
		B5F6BB5128211E6400029D55 /* Nimble SurveyUITests */ = {
			isa = PBXGroup;
			children = (
				B5F6BB5228211E6400029D55 /* Nimble_SurveyUITests.swift */,
				B5F6BB5428211E6400029D55 /* Nimble_SurveyUITestsLaunchTests.swift */,
			);
			path = "Nimble SurveyUITests";
			sourceTree = "<group>";
		};
		B5F6BB632821413800029D55 /* Helper */ = {
			isa = PBXGroup;
			children = (
				B5F6BB642821414700029D55 /* URLProtocolStub.swift */,
				B5F6BB662821416200029D55 /* AsyncURLProtocolStub.swift */,
				B5F6BB6D2822654000029D55 /* XCTestCase+Extensions.swift */,
				B5F6BB73282292F900029D55 /* RequestLoaderSpy.swift */,
				B5F6BB9128239D9700029D55 /* AuthServiceSpy.swift */,
				B5F6BB9328239DBC00029D55 /* TokenStoreSpy.swift */,
			);
			path = Helper;
			sourceTree = "<group>";
		};
		B5F6BB682821418700029D55 /* Network */ = {
			isa = PBXGroup;
			children = (
				B5F6BB692821419600029D55 /* NetworkHandler.swift */,
			);
			path = Network;
			sourceTree = "<group>";
		};
		B5F6BB6F282292A000029D55 /* Auth */ = {
			isa = PBXGroup;
			children = (
				B5F6BB8E2823991D00029D55 /* Service */,
				B5F6BB87282394BC00029D55 /* Store */,
				B5F6BB70282292A600029D55 /* Model */,
			);
			path = Auth;
			sourceTree = "<group>";
		};
		B5F6BB70282292A600029D55 /* Model */ = {
			isa = PBXGroup;
			children = (
				B5F6BB71282292B100029D55 /* AuthToken.swift */,
			);
			path = Model;
			sourceTree = "<group>";
		};
		B5F6BB792822F44200029D55 /* Survey */ = {
			isa = PBXGroup;
			children = (
				B5F6BB7A2822F44900029D55 /* Model */,
				B5F6BB7B2822F45F00029D55 /* RemoteSurveyLoader.swift */,
				B5F6BB972823D98000029D55 /* SurveyLoader.swift */,
			);
			path = Survey;
			sourceTree = "<group>";
		};
		B5F6BB7A2822F44900029D55 /* Model */ = {
			isa = PBXGroup;
			children = (
				B5F6BB7D2822F48200029D55 /* Survey.swift */,
				B5F6BB7F2822F48B00029D55 /* SurveyDetail.swift */,
				B5F6BB822822F4C800029D55 /* Attribute.swift */,
				B5F6BB842822F4ED00029D55 /* Relationship.swift */,
			);
			path = Model;
			sourceTree = "<group>";
		};
		B5F6BB87282394BC00029D55 /* Store */ = {
			isa = PBXGroup;
			children = (
				B5F6BB882823952F00029D55 /* TokenStore.swift */,
				B5F6BB8A282397B500029D55 /* SecureTokenStore.swift */,
			);
			path = Store;
			sourceTree = "<group>";
		};
		B5F6BB8E2823991D00029D55 /* Service */ = {
			isa = PBXGroup;
			children = (
				B5F6BB752822932400029D55 /* AuthService.swift */,
				B5F6BB8F2823993600029D55 /* RemoteAuthService.swift */,
				B5F6BB952823D81F00029D55 /* AuthServiceWithStore.swift */,
			);
			path = Service;
			sourceTree = "<group>";
		};
		B5F6BB992823D9B600029D55 /* Auth */ = {
			isa = PBXGroup;
			children = (
				B5F6BB6B2821433E00029D55 /* AuthServiceTests.swift */,
				B5F6BB8C2823984100029D55 /* AuthServiceWithStoreTests.swift */,
			);
			path = Auth;
			sourceTree = "<group>";
		};
		B5F6BB9A2823D9C100029D55 /* Survey */ = {
			isa = PBXGroup;
			children = (
				B5F6BB7728229C0200029D55 /* RemoteSurveyLoaderTests.swift */,
				B5F6BB9C2823DA2900029D55 /* SurveyLoaderWithAuthTests.swift */,
			);
			path = Survey;
			sourceTree = "<group>";
		};
		B5F6BB9B2823D9CE00029D55 /* Network */ = {
			isa = PBXGroup;
			children = (
				B5F6BB6128211EB100029D55 /* NetworkHandlerTests.swift */,
			);
			path = Network;
			sourceTree = "<group>";
		};
/* End PBXGroup section */

/* Begin PBXNativeTarget section */
		B5F6BB2D28211E6100029D55 /* Nimble Survey */ = {
			isa = PBXNativeTarget;
			buildConfigurationList = B5F6BB5828211E6400029D55 /* Build configuration list for PBXNativeTarget "Nimble Survey" */;
			buildPhases = (
				C5A73B6DFD2E4F58C650CF81 /* [CP] Check Pods Manifest.lock */,
				B5F6BB2A28211E6100029D55 /* Sources */,
				B5F6BB2B28211E6100029D55 /* Frameworks */,
				B5F6BB2C28211E6100029D55 /* Resources */,
				0366852F6641C254CE723688 /* [CP] Embed Pods Frameworks */,
			);
			buildRules = (
			);
			dependencies = (
			);
			name = "Nimble Survey";
			productName = "Nimble Survey";
			productReference = B5F6BB2E28211E6100029D55 /* Nimble Survey.app */;
			productType = "com.apple.product-type.application";
		};
		B5F6BB4328211E6400029D55 /* Nimble SurveyTests */ = {
			isa = PBXNativeTarget;
			buildConfigurationList = B5F6BB5B28211E6400029D55 /* Build configuration list for PBXNativeTarget "Nimble SurveyTests" */;
			buildPhases = (
				B5F6BB4028211E6400029D55 /* Sources */,
				B5F6BB4128211E6400029D55 /* Frameworks */,
				B5F6BB4228211E6400029D55 /* Resources */,
			);
			buildRules = (
			);
			dependencies = (
				B5F6BB4628211E6400029D55 /* PBXTargetDependency */,
			);
			name = "Nimble SurveyTests";
			productName = "Nimble SurveyTests";
			productReference = B5F6BB4428211E6400029D55 /* Nimble SurveyTests.xctest */;
			productType = "com.apple.product-type.bundle.unit-test";
		};
		B5F6BB4D28211E6400029D55 /* Nimble SurveyUITests */ = {
			isa = PBXNativeTarget;
			buildConfigurationList = B5F6BB5E28211E6400029D55 /* Build configuration list for PBXNativeTarget "Nimble SurveyUITests" */;
			buildPhases = (
				B5F6BB4A28211E6400029D55 /* Sources */,
				B5F6BB4B28211E6400029D55 /* Frameworks */,
				B5F6BB4C28211E6400029D55 /* Resources */,
			);
			buildRules = (
			);
			dependencies = (
				B5F6BB5028211E6400029D55 /* PBXTargetDependency */,
			);
			name = "Nimble SurveyUITests";
			productName = "Nimble SurveyUITests";
			productReference = B5F6BB4E28211E6400029D55 /* Nimble SurveyUITests.xctest */;
			productType = "com.apple.product-type.bundle.ui-testing";
		};
/* End PBXNativeTarget section */

/* Begin PBXProject section */
		B5F6BB2628211E6100029D55 /* Project object */ = {
			isa = PBXProject;
			attributes = {
				BuildIndependentTargetsInParallel = 1;
				LastSwiftUpdateCheck = 1320;
				LastUpgradeCheck = 1320;
				TargetAttributes = {
					B5F6BB2D28211E6100029D55 = {
						CreatedOnToolsVersion = 13.2.1;
					};
					B5F6BB4328211E6400029D55 = {
						CreatedOnToolsVersion = 13.2.1;
						LastSwiftMigration = 1320;
						TestTargetID = B5F6BB2D28211E6100029D55;
					};
					B5F6BB4D28211E6400029D55 = {
						CreatedOnToolsVersion = 13.2.1;
						TestTargetID = B5F6BB2D28211E6100029D55;
					};
				};
			};
			buildConfigurationList = B5F6BB2928211E6100029D55 /* Build configuration list for PBXProject "Nimble Survey" */;
			compatibilityVersion = "Xcode 13.0";
			developmentRegion = en;
			hasScannedForEncodings = 0;
			knownRegions = (
				en,
				Base,
			);
			mainGroup = B5F6BB2528211E6100029D55;
			productRefGroup = B5F6BB2F28211E6100029D55 /* Products */;
			projectDirPath = "";
			projectRoot = "";
			targets = (
				B5F6BB2D28211E6100029D55 /* Nimble Survey */,
				B5F6BB4328211E6400029D55 /* Nimble SurveyTests */,
				B5F6BB4D28211E6400029D55 /* Nimble SurveyUITests */,
			);
		};
/* End PBXProject section */

/* Begin PBXResourcesBuildPhase section */
		B5F6BB2C28211E6100029D55 /* Resources */ = {
			isa = PBXResourcesBuildPhase;
			buildActionMask = 2147483647;
			files = (
				B5F6BB3E28211E6400029D55 /* LaunchScreen.storyboard in Resources */,
				B5F6BB3B28211E6400029D55 /* Assets.xcassets in Resources */,
				B5F6BB3928211E6100029D55 /* Main.storyboard in Resources */,
			);
			runOnlyForDeploymentPostprocessing = 0;
		};
		B5F6BB4228211E6400029D55 /* Resources */ = {
			isa = PBXResourcesBuildPhase;
			buildActionMask = 2147483647;
			files = (
			);
			runOnlyForDeploymentPostprocessing = 0;
		};
		B5F6BB4C28211E6400029D55 /* Resources */ = {
			isa = PBXResourcesBuildPhase;
			buildActionMask = 2147483647;
			files = (
			);
			runOnlyForDeploymentPostprocessing = 0;
		};
/* End PBXResourcesBuildPhase section */

/* Begin PBXShellScriptBuildPhase section */
		0366852F6641C254CE723688 /* [CP] Embed Pods Frameworks */ = {
			isa = PBXShellScriptBuildPhase;
			buildActionMask = 2147483647;
			files = (
			);
			inputFileListPaths = (
				"${PODS_ROOT}/Target Support Files/Pods-Nimble Survey/Pods-Nimble Survey-frameworks-${CONFIGURATION}-input-files.xcfilelist",
			);
			name = "[CP] Embed Pods Frameworks";
			outputFileListPaths = (
				"${PODS_ROOT}/Target Support Files/Pods-Nimble Survey/Pods-Nimble Survey-frameworks-${CONFIGURATION}-output-files.xcfilelist",
			);
			runOnlyForDeploymentPostprocessing = 0;
			shellPath = /bin/sh;
			shellScript = "\"${PODS_ROOT}/Target Support Files/Pods-Nimble Survey/Pods-Nimble Survey-frameworks.sh\"\n";
			showEnvVarsInLog = 0;
		};
		C5A73B6DFD2E4F58C650CF81 /* [CP] Check Pods Manifest.lock */ = {
			isa = PBXShellScriptBuildPhase;
			buildActionMask = 2147483647;
			files = (
			);
			inputFileListPaths = (
			);
			inputPaths = (
				"${PODS_PODFILE_DIR_PATH}/Podfile.lock",
				"${PODS_ROOT}/Manifest.lock",
			);
			name = "[CP] Check Pods Manifest.lock";
			outputFileListPaths = (
			);
			outputPaths = (
				"$(DERIVED_FILE_DIR)/Pods-Nimble Survey-checkManifestLockResult.txt",
			);
			runOnlyForDeploymentPostprocessing = 0;
			shellPath = /bin/sh;
			shellScript = "diff \"${PODS_PODFILE_DIR_PATH}/Podfile.lock\" \"${PODS_ROOT}/Manifest.lock\" > /dev/null\nif [ $? != 0 ] ; then\n    # print error to STDERR\n    echo \"error: The sandbox is not in sync with the Podfile.lock. Run 'pod install' or update your CocoaPods installation.\" >&2\n    exit 1\nfi\n# This output is used by Xcode 'outputs' to avoid re-running this script phase.\necho \"SUCCESS\" > \"${SCRIPT_OUTPUT_FILE_0}\"\n";
			showEnvVarsInLog = 0;
		};
/* End PBXShellScriptBuildPhase section */

/* Begin PBXSourcesBuildPhase section */
		B5F6BB2A28211E6100029D55 /* Sources */ = {
			isa = PBXSourcesBuildPhase;
			buildActionMask = 2147483647;
			files = (
				B5F6BB832822F4C800029D55 /* Attribute.swift in Sources */,
				B5F6BB3628211E6100029D55 /* ViewController.swift in Sources */,
				B5F6BB982823D98000029D55 /* SurveyLoader.swift in Sources */,
				B5F6BB3228211E6100029D55 /* AppDelegate.swift in Sources */,
				B5F6BB802822F48B00029D55 /* SurveyDetail.swift in Sources */,
				B5F6BB3428211E6100029D55 /* SceneDelegate.swift in Sources */,
				B5F6BB892823952F00029D55 /* TokenStore.swift in Sources */,
				B5F6BB762822932400029D55 /* AuthService.swift in Sources */,
				B5F6BB8B282397B500029D55 /* SecureTokenStore.swift in Sources */,
				B5F6BB72282292B100029D55 /* AuthToken.swift in Sources */,
				B5F6BB962823D81F00029D55 /* AuthServiceWithStore.swift in Sources */,
				B5F6BB902823993600029D55 /* RemoteAuthService.swift in Sources */,
				B5F6BB7E2822F48200029D55 /* Survey.swift in Sources */,
				B5F6BB6A2821419600029D55 /* NetworkHandler.swift in Sources */,
				B5F6BB852822F4ED00029D55 /* Relationship.swift in Sources */,
				B5F6BB7C2822F45F00029D55 /* RemoteSurveyLoader.swift in Sources */,
			);
			runOnlyForDeploymentPostprocessing = 0;
		};
		B5F6BB4028211E6400029D55 /* Sources */ = {
			isa = PBXSourcesBuildPhase;
			buildActionMask = 2147483647;
			files = (
				B5F6BB6228211EB100029D55 /* NetworkHandlerTests.swift in Sources */,
				B5F6BB9D2823DA2900029D55 /* SurveyLoaderWithAuthTests.swift in Sources */,
				B5F6BB7828229C0200029D55 /* RemoteSurveyLoaderTests.swift in Sources */,
				B5F6BB74282292F900029D55 /* RequestLoaderSpy.swift in Sources */,
				B5F6BB672821416200029D55 /* AsyncURLProtocolStub.swift in Sources */,
				B5F6BB8D2823984100029D55 /* AuthServiceWithStoreTests.swift in Sources */,
				B5F6BB9228239D9700029D55 /* AuthServiceSpy.swift in Sources */,
				B5F6BB6E2822654000029D55 /* XCTestCase+Extensions.swift in Sources */,
				B5F6BB652821414700029D55 /* URLProtocolStub.swift in Sources */,
				B5F6BB9428239DBC00029D55 /* TokenStoreSpy.swift in Sources */,
				B5F6BB6C2821433E00029D55 /* AuthServiceTests.swift in Sources */,
			);
			runOnlyForDeploymentPostprocessing = 0;
		};
		B5F6BB4A28211E6400029D55 /* Sources */ = {
			isa = PBXSourcesBuildPhase;
			buildActionMask = 2147483647;
			files = (
				B5F6BB5328211E6400029D55 /* Nimble_SurveyUITests.swift in Sources */,
				B5F6BB5528211E6400029D55 /* Nimble_SurveyUITestsLaunchTests.swift in Sources */,
			);
			runOnlyForDeploymentPostprocessing = 0;
		};
/* End PBXSourcesBuildPhase section */

/* Begin PBXTargetDependency section */
		B5F6BB4628211E6400029D55 /* PBXTargetDependency */ = {
			isa = PBXTargetDependency;
			target = B5F6BB2D28211E6100029D55 /* Nimble Survey */;
			targetProxy = B5F6BB4528211E6400029D55 /* PBXContainerItemProxy */;
		};
		B5F6BB5028211E6400029D55 /* PBXTargetDependency */ = {
			isa = PBXTargetDependency;
			target = B5F6BB2D28211E6100029D55 /* Nimble Survey */;
			targetProxy = B5F6BB4F28211E6400029D55 /* PBXContainerItemProxy */;
		};
/* End PBXTargetDependency section */

/* Begin PBXVariantGroup section */
		B5F6BB3728211E6100029D55 /* Main.storyboard */ = {
			isa = PBXVariantGroup;
			children = (
				B5F6BB3828211E6100029D55 /* Base */,
			);
			name = Main.storyboard;
			sourceTree = "<group>";
		};
		B5F6BB3C28211E6400029D55 /* LaunchScreen.storyboard */ = {
			isa = PBXVariantGroup;
			children = (
				B5F6BB3D28211E6400029D55 /* Base */,
			);
			name = LaunchScreen.storyboard;
			sourceTree = "<group>";
		};
/* End PBXVariantGroup section */

/* Begin XCBuildConfiguration section */
		B5F6BB5628211E6400029D55 /* Debug */ = {
			isa = XCBuildConfiguration;
			buildSettings = {
				ALWAYS_SEARCH_USER_PATHS = NO;
				CLANG_ANALYZER_NONNULL = YES;
				CLANG_ANALYZER_NUMBER_OBJECT_CONVERSION = YES_AGGRESSIVE;
				CLANG_CXX_LANGUAGE_STANDARD = "gnu++17";
				CLANG_CXX_LIBRARY = "libc++";
				CLANG_ENABLE_MODULES = YES;
				CLANG_ENABLE_OBJC_ARC = YES;
				CLANG_ENABLE_OBJC_WEAK = YES;
				CLANG_WARN_BLOCK_CAPTURE_AUTORELEASING = YES;
				CLANG_WARN_BOOL_CONVERSION = YES;
				CLANG_WARN_COMMA = YES;
				CLANG_WARN_CONSTANT_CONVERSION = YES;
				CLANG_WARN_DEPRECATED_OBJC_IMPLEMENTATIONS = YES;
				CLANG_WARN_DIRECT_OBJC_ISA_USAGE = YES_ERROR;
				CLANG_WARN_DOCUMENTATION_COMMENTS = YES;
				CLANG_WARN_EMPTY_BODY = YES;
				CLANG_WARN_ENUM_CONVERSION = YES;
				CLANG_WARN_INFINITE_RECURSION = YES;
				CLANG_WARN_INT_CONVERSION = YES;
				CLANG_WARN_NON_LITERAL_NULL_CONVERSION = YES;
				CLANG_WARN_OBJC_IMPLICIT_RETAIN_SELF = YES;
				CLANG_WARN_OBJC_LITERAL_CONVERSION = YES;
				CLANG_WARN_OBJC_ROOT_CLASS = YES_ERROR;
				CLANG_WARN_QUOTED_INCLUDE_IN_FRAMEWORK_HEADER = YES;
				CLANG_WARN_RANGE_LOOP_ANALYSIS = YES;
				CLANG_WARN_STRICT_PROTOTYPES = YES;
				CLANG_WARN_SUSPICIOUS_MOVE = YES;
				CLANG_WARN_UNGUARDED_AVAILABILITY = YES_AGGRESSIVE;
				CLANG_WARN_UNREACHABLE_CODE = YES;
				CLANG_WARN__DUPLICATE_METHOD_MATCH = YES;
				COPY_PHASE_STRIP = NO;
				DEBUG_INFORMATION_FORMAT = dwarf;
				ENABLE_STRICT_OBJC_MSGSEND = YES;
				ENABLE_TESTABILITY = YES;
				GCC_C_LANGUAGE_STANDARD = gnu11;
				GCC_DYNAMIC_NO_PIC = NO;
				GCC_NO_COMMON_BLOCKS = YES;
				GCC_OPTIMIZATION_LEVEL = 0;
				GCC_PREPROCESSOR_DEFINITIONS = (
					"DEBUG=1",
					"$(inherited)",
				);
				GCC_WARN_64_TO_32_BIT_CONVERSION = YES;
				GCC_WARN_ABOUT_RETURN_TYPE = YES_ERROR;
				GCC_WARN_UNDECLARED_SELECTOR = YES;
				GCC_WARN_UNINITIALIZED_AUTOS = YES_AGGRESSIVE;
				GCC_WARN_UNUSED_FUNCTION = YES;
				GCC_WARN_UNUSED_VARIABLE = YES;
				IPHONEOS_DEPLOYMENT_TARGET = 15.2;
				MTL_ENABLE_DEBUG_INFO = INCLUDE_SOURCE;
				MTL_FAST_MATH = YES;
				ONLY_ACTIVE_ARCH = YES;
				SDKROOT = iphoneos;
				SWIFT_ACTIVE_COMPILATION_CONDITIONS = DEBUG;
				SWIFT_OPTIMIZATION_LEVEL = "-Onone";
			};
			name = Debug;
		};
		B5F6BB5728211E6400029D55 /* Release */ = {
			isa = XCBuildConfiguration;
			buildSettings = {
				ALWAYS_SEARCH_USER_PATHS = NO;
				CLANG_ANALYZER_NONNULL = YES;
				CLANG_ANALYZER_NUMBER_OBJECT_CONVERSION = YES_AGGRESSIVE;
				CLANG_CXX_LANGUAGE_STANDARD = "gnu++17";
				CLANG_CXX_LIBRARY = "libc++";
				CLANG_ENABLE_MODULES = YES;
				CLANG_ENABLE_OBJC_ARC = YES;
				CLANG_ENABLE_OBJC_WEAK = YES;
				CLANG_WARN_BLOCK_CAPTURE_AUTORELEASING = YES;
				CLANG_WARN_BOOL_CONVERSION = YES;
				CLANG_WARN_COMMA = YES;
				CLANG_WARN_CONSTANT_CONVERSION = YES;
				CLANG_WARN_DEPRECATED_OBJC_IMPLEMENTATIONS = YES;
				CLANG_WARN_DIRECT_OBJC_ISA_USAGE = YES_ERROR;
				CLANG_WARN_DOCUMENTATION_COMMENTS = YES;
				CLANG_WARN_EMPTY_BODY = YES;
				CLANG_WARN_ENUM_CONVERSION = YES;
				CLANG_WARN_INFINITE_RECURSION = YES;
				CLANG_WARN_INT_CONVERSION = YES;
				CLANG_WARN_NON_LITERAL_NULL_CONVERSION = YES;
				CLANG_WARN_OBJC_IMPLICIT_RETAIN_SELF = YES;
				CLANG_WARN_OBJC_LITERAL_CONVERSION = YES;
				CLANG_WARN_OBJC_ROOT_CLASS = YES_ERROR;
				CLANG_WARN_QUOTED_INCLUDE_IN_FRAMEWORK_HEADER = YES;
				CLANG_WARN_RANGE_LOOP_ANALYSIS = YES;
				CLANG_WARN_STRICT_PROTOTYPES = YES;
				CLANG_WARN_SUSPICIOUS_MOVE = YES;
				CLANG_WARN_UNGUARDED_AVAILABILITY = YES_AGGRESSIVE;
				CLANG_WARN_UNREACHABLE_CODE = YES;
				CLANG_WARN__DUPLICATE_METHOD_MATCH = YES;
				COPY_PHASE_STRIP = NO;
				DEBUG_INFORMATION_FORMAT = "dwarf-with-dsym";
				ENABLE_NS_ASSERTIONS = NO;
				ENABLE_STRICT_OBJC_MSGSEND = YES;
				GCC_C_LANGUAGE_STANDARD = gnu11;
				GCC_NO_COMMON_BLOCKS = YES;
				GCC_WARN_64_TO_32_BIT_CONVERSION = YES;
				GCC_WARN_ABOUT_RETURN_TYPE = YES_ERROR;
				GCC_WARN_UNDECLARED_SELECTOR = YES;
				GCC_WARN_UNINITIALIZED_AUTOS = YES_AGGRESSIVE;
				GCC_WARN_UNUSED_FUNCTION = YES;
				GCC_WARN_UNUSED_VARIABLE = YES;
				IPHONEOS_DEPLOYMENT_TARGET = 15.2;
				MTL_ENABLE_DEBUG_INFO = NO;
				MTL_FAST_MATH = YES;
				SDKROOT = iphoneos;
				SWIFT_COMPILATION_MODE = wholemodule;
				SWIFT_OPTIMIZATION_LEVEL = "-O";
				VALIDATE_PRODUCT = YES;
			};
			name = Release;
		};
		B5F6BB5928211E6400029D55 /* Debug */ = {
			isa = XCBuildConfiguration;
			baseConfigurationReference = 6704C13BEAE917A70F72B3FE /* Pods-Nimble Survey.debug.xcconfig */;
			buildSettings = {
				ASSETCATALOG_COMPILER_APPICON_NAME = AppIcon;
				ASSETCATALOG_COMPILER_GLOBAL_ACCENT_COLOR_NAME = AccentColor;
				CODE_SIGN_STYLE = Automatic;
				CURRENT_PROJECT_VERSION = 1;
				DEVELOPMENT_TEAM = PMULSY6HU4;
				GENERATE_INFOPLIST_FILE = YES;
				INFOPLIST_FILE = "Nimble Survey/Info.plist";
				INFOPLIST_KEY_UIApplicationSupportsIndirectInputEvents = YES;
				INFOPLIST_KEY_UILaunchStoryboardName = LaunchScreen;
				INFOPLIST_KEY_UIMainStoryboardFile = Main;
				INFOPLIST_KEY_UISupportedInterfaceOrientations_iPad = "UIInterfaceOrientationPortrait UIInterfaceOrientationPortraitUpsideDown UIInterfaceOrientationLandscapeLeft UIInterfaceOrientationLandscapeRight";
				INFOPLIST_KEY_UISupportedInterfaceOrientations_iPhone = "UIInterfaceOrientationPortrait UIInterfaceOrientationLandscapeLeft UIInterfaceOrientationLandscapeRight";
				LD_RUNPATH_SEARCH_PATHS = (
					"$(inherited)",
					"@executable_path/Frameworks",
				);
				MARKETING_VERSION = 1.0;
				PRODUCT_BUNDLE_IDENTIFIER = "me.rahchamani.Nimble-Survey";
				PRODUCT_NAME = "$(TARGET_NAME)";
				SWIFT_EMIT_LOC_STRINGS = YES;
				SWIFT_VERSION = 5.0;
				TARGETED_DEVICE_FAMILY = "1,2";
			};
			name = Debug;
		};
		B5F6BB5A28211E6400029D55 /* Release */ = {
			isa = XCBuildConfiguration;
			baseConfigurationReference = 703C38AD4FC4CB5D38E693E7 /* Pods-Nimble Survey.release.xcconfig */;
			buildSettings = {
				ASSETCATALOG_COMPILER_APPICON_NAME = AppIcon;
				ASSETCATALOG_COMPILER_GLOBAL_ACCENT_COLOR_NAME = AccentColor;
				CODE_SIGN_STYLE = Automatic;
				CURRENT_PROJECT_VERSION = 1;
				DEVELOPMENT_TEAM = PMULSY6HU4;
				GENERATE_INFOPLIST_FILE = YES;
				INFOPLIST_FILE = "Nimble Survey/Info.plist";
				INFOPLIST_KEY_UIApplicationSupportsIndirectInputEvents = YES;
				INFOPLIST_KEY_UILaunchStoryboardName = LaunchScreen;
				INFOPLIST_KEY_UIMainStoryboardFile = Main;
				INFOPLIST_KEY_UISupportedInterfaceOrientations_iPad = "UIInterfaceOrientationPortrait UIInterfaceOrientationPortraitUpsideDown UIInterfaceOrientationLandscapeLeft UIInterfaceOrientationLandscapeRight";
				INFOPLIST_KEY_UISupportedInterfaceOrientations_iPhone = "UIInterfaceOrientationPortrait UIInterfaceOrientationLandscapeLeft UIInterfaceOrientationLandscapeRight";
				LD_RUNPATH_SEARCH_PATHS = (
					"$(inherited)",
					"@executable_path/Frameworks",
				);
				MARKETING_VERSION = 1.0;
				PRODUCT_BUNDLE_IDENTIFIER = "me.rahchamani.Nimble-Survey";
				PRODUCT_NAME = "$(TARGET_NAME)";
				SWIFT_EMIT_LOC_STRINGS = YES;
				SWIFT_VERSION = 5.0;
				TARGETED_DEVICE_FAMILY = "1,2";
			};
			name = Release;
		};
		B5F6BB5C28211E6400029D55 /* Debug */ = {
			isa = XCBuildConfiguration;
			buildSettings = {
				ALWAYS_EMBED_SWIFT_STANDARD_LIBRARIES = YES;
				BUNDLE_LOADER = "$(TEST_HOST)";
				CLANG_ENABLE_MODULES = YES;
				CODE_SIGN_STYLE = Automatic;
				CURRENT_PROJECT_VERSION = 1;
				DEVELOPMENT_TEAM = 8LK77AKP63;
				GENERATE_INFOPLIST_FILE = YES;
				IPHONEOS_DEPLOYMENT_TARGET = 15.2;
				LD_RUNPATH_SEARCH_PATHS = (
					"$(inherited)",
					"@executable_path/Frameworks",
					"@loader_path/Frameworks",
				);
				MARKETING_VERSION = 1.0;
				PRODUCT_BUNDLE_IDENTIFIER = "me.rahchamani.Nimble-SurveyTests";
				PRODUCT_NAME = "$(TARGET_NAME)";
				SWIFT_EMIT_LOC_STRINGS = NO;
				SWIFT_OPTIMIZATION_LEVEL = "-Onone";
				SWIFT_VERSION = 5.0;
				TARGETED_DEVICE_FAMILY = "1,2";
				TEST_HOST = "$(BUILT_PRODUCTS_DIR)/Nimble Survey.app/Nimble Survey";
			};
			name = Debug;
		};
		B5F6BB5D28211E6400029D55 /* Release */ = {
			isa = XCBuildConfiguration;
			buildSettings = {
				ALWAYS_EMBED_SWIFT_STANDARD_LIBRARIES = YES;
				BUNDLE_LOADER = "$(TEST_HOST)";
				CLANG_ENABLE_MODULES = YES;
				CODE_SIGN_STYLE = Automatic;
				CURRENT_PROJECT_VERSION = 1;
				DEVELOPMENT_TEAM = 8LK77AKP63;
				GENERATE_INFOPLIST_FILE = YES;
				IPHONEOS_DEPLOYMENT_TARGET = 15.2;
				LD_RUNPATH_SEARCH_PATHS = (
					"$(inherited)",
					"@executable_path/Frameworks",
					"@loader_path/Frameworks",
				);
				MARKETING_VERSION = 1.0;
				PRODUCT_BUNDLE_IDENTIFIER = "me.rahchamani.Nimble-SurveyTests";
				PRODUCT_NAME = "$(TARGET_NAME)";
				SWIFT_EMIT_LOC_STRINGS = NO;
				SWIFT_VERSION = 5.0;
				TARGETED_DEVICE_FAMILY = "1,2";
				TEST_HOST = "$(BUILT_PRODUCTS_DIR)/Nimble Survey.app/Nimble Survey";
			};
			name = Release;
		};
		B5F6BB5F28211E6400029D55 /* Debug */ = {
			isa = XCBuildConfiguration;
			buildSettings = {
				ALWAYS_EMBED_SWIFT_STANDARD_LIBRARIES = YES;
				CODE_SIGN_IDENTITY = "Apple Development";
				"CODE_SIGN_IDENTITY[sdk=macosx*]" = "Apple Development";
				CODE_SIGN_STYLE = Automatic;
				CURRENT_PROJECT_VERSION = 1;
				DEVELOPMENT_TEAM = PMULSY6HU4;
				GENERATE_INFOPLIST_FILE = YES;
				MARKETING_VERSION = 1.0;
				PRODUCT_BUNDLE_IDENTIFIER = "me.rahchamani.Nimble-SurveyUITests";
				PRODUCT_NAME = "$(TARGET_NAME)";
				PROVISIONING_PROFILE_SPECIFIER = "";
				"PROVISIONING_PROFILE_SPECIFIER[sdk=macosx*]" = "";
				SWIFT_EMIT_LOC_STRINGS = NO;
				SWIFT_VERSION = 5.0;
				TARGETED_DEVICE_FAMILY = "1,2";
				TEST_TARGET_NAME = "Nimble Survey";
			};
			name = Debug;
		};
		B5F6BB6028211E6400029D55 /* Release */ = {
			isa = XCBuildConfiguration;
			buildSettings = {
				ALWAYS_EMBED_SWIFT_STANDARD_LIBRARIES = YES;
				CODE_SIGN_IDENTITY = "Apple Development";
				"CODE_SIGN_IDENTITY[sdk=macosx*]" = "Apple Development";
				CODE_SIGN_STYLE = Automatic;
				CURRENT_PROJECT_VERSION = 1;
				DEVELOPMENT_TEAM = PMULSY6HU4;
				GENERATE_INFOPLIST_FILE = YES;
				MARKETING_VERSION = 1.0;
				PRODUCT_BUNDLE_IDENTIFIER = "me.rahchamani.Nimble-SurveyUITests";
				PRODUCT_NAME = "$(TARGET_NAME)";
				PROVISIONING_PROFILE_SPECIFIER = "";
				"PROVISIONING_PROFILE_SPECIFIER[sdk=macosx*]" = "";
				SWIFT_EMIT_LOC_STRINGS = NO;
				SWIFT_VERSION = 5.0;
				TARGETED_DEVICE_FAMILY = "1,2";
				TEST_TARGET_NAME = "Nimble Survey";
			};
			name = Release;
		};
/* End XCBuildConfiguration section */

/* Begin XCConfigurationList section */
		B5F6BB2928211E6100029D55 /* Build configuration list for PBXProject "Nimble Survey" */ = {
			isa = XCConfigurationList;
			buildConfigurations = (
				B5F6BB5628211E6400029D55 /* Debug */,
				B5F6BB5728211E6400029D55 /* Release */,
			);
			defaultConfigurationIsVisible = 0;
			defaultConfigurationName = Release;
		};
		B5F6BB5828211E6400029D55 /* Build configuration list for PBXNativeTarget "Nimble Survey" */ = {
			isa = XCConfigurationList;
			buildConfigurations = (
				B5F6BB5928211E6400029D55 /* Debug */,
				B5F6BB5A28211E6400029D55 /* Release */,
			);
			defaultConfigurationIsVisible = 0;
			defaultConfigurationName = Release;
		};
		B5F6BB5B28211E6400029D55 /* Build configuration list for PBXNativeTarget "Nimble SurveyTests" */ = {
			isa = XCConfigurationList;
			buildConfigurations = (
				B5F6BB5C28211E6400029D55 /* Debug */,
				B5F6BB5D28211E6400029D55 /* Release */,
			);
			defaultConfigurationIsVisible = 0;
			defaultConfigurationName = Release;
		};
		B5F6BB5E28211E6400029D55 /* Build configuration list for PBXNativeTarget "Nimble SurveyUITests" */ = {
			isa = XCConfigurationList;
			buildConfigurations = (
				B5F6BB5F28211E6400029D55 /* Debug */,
				B5F6BB6028211E6400029D55 /* Release */,
			);
			defaultConfigurationIsVisible = 0;
			defaultConfigurationName = Release;
		};
/* End XCConfigurationList section */
	};
	rootObject = B5F6BB2628211E6100029D55 /* Project object */;
}
